PODS:
  - Flutter (1.0.0)
  - Zendesk (2.2.1):
    - ZendeskSDKConversationKit (~> 4.0.1)
    - ZendeskSDKCoreUtilities (~> 2.2.1)
  - zendesk_messaging (2.19.1):
    - Flutter
    - ZendeskSDKMessaging (= 2.19.1)
  - ZendeskSDKConversationKit (4.0.1):
    - ZendeskSDKCoreUtilities (~> 2.2.1)
    - ZendeskSDKFayeClient (~> 1.8.1)
    - ZendeskSDKHTTPClient (~> 0.15.1)
    - ZendeskSDKStorage (~> 1.0.1)
  - ZendeskSDKCoreUtilities (2.2.1)
  - ZendeskSDKFayeClient (1.8.1):
    - ZendeskSDKLogger (~> 0.9.1)
    - ZendeskSDKSocketClient (~> 1.7.1)
  - ZendeskSDKGuideKit (0.1.1):
    - ZendeskSDKCoreUtilities (~> 2.2.1)
    - ZendeskSDKHTTPClient (~> 0.15.1)
    - ZendeskSDKLogger (~> 0.9.1)
    - ZendeskSDKStorage (~> 1.0.1)
  - ZendeskSDKHTTPClient (0.15.1):
    - ZendeskSDKLogger (~> 0.9.1)
  - ZendeskSDKLogger (0.9.1)
  - ZendeskSDKMessaging (2.19.1):
    - Zendesk (~> 2.2.1)
    - ZendeskSDKConversationKit (~> 4.0.1)
    - ZendeskSDKCoreUtilities (~> 2.2.1)
    - ZendeskSDKGuideKit (~> 0.1.1)
    - ZendeskSDKUIComponents (~> 7.0.1)
  - ZendeskSDKSocketClient (1.7.1):
    - ZendeskSDKLogger (~> 0.9.1)
  - ZendeskSDKStorage (1.0.1):
    - ZendeskSDKLogger (~> 0.9.1)
  - ZendeskSDKUIComponents (7.0.1):
    - ZendeskSDKCoreUtilities (~> 2.2.1)

DEPENDENCIES:
  - Flutter (from `Flutter`)
  - zendesk_messaging (from `.symlinks/plugins/zendesk_messaging/ios`)

SPEC REPOS:
  trunk:
    - Zendesk
    - ZendeskSDKConversationKit
    - ZendeskSDKCoreUtilities
    - ZendeskSDKFayeClient
    - ZendeskSDKGuideKit
    - ZendeskSDKHTTPClient
    - ZendeskSDKLogger
    - ZendeskSDKMessaging
    - ZendeskSDKSocketClient
    - ZendeskSDKStorage
    - ZendeskSDKUIComponents

EXTERNAL SOURCES:
  Flutter:
    :path: Flutter
  zendesk_messaging:
    :path: ".symlinks/plugins/zendesk_messaging/ios"

SPEC CHECKSUMS:
  Flutter: e0871f40cf51350855a761d2e70bf5af5b9b5de7
  Zendesk: 241a3167359fa5fd1cfe4191cc88e8505856f938
  zendesk_messaging: e3e8b740e45364da39bed2d9b506ec73ceb746b3
  ZendeskSDKConversationKit: d6ded88bacb1e3631040ac6a0ea3317d9378cbea
  ZendeskSDKCoreUtilities: b2018a04e3f3178e4b2c9e3e0d4dab82aa054fda
  ZendeskSDKFayeClient: d891d320741967bda695d7d872da4b6bb013e1a0
  ZendeskSDKGuideKit: 44c5ef9381533d02089d6f5cd0ec660bfdae7341
  ZendeskSDKHTTPClient: 4dbe582b83267c53a2769347dc871dd2a8c1d4d4
  ZendeskSDKLogger: ed8444aba18aefba78e8fea1a537d7a48a94da76
  ZendeskSDKMessaging: edac6c7b17c4b8502ca5293dca8c167a5e383219
  ZendeskSDKSocketClient: 9aa83a8a1ef4ded6d8e7c0f1209a7499421305e2
  ZendeskSDKStorage: 5c768c37ad3af44a51fa86c55aef719a07dd3623
  ZendeskSDKUIComponents: b794008f02b403b42004e2f350e4d0f718c533a1

PODFILE CHECKSUM: 4e8f8b2be68aeea4c0d5beb6ff1e79fface1d048

COCOAPODS: 1.14.2
